
Microsoft Visual Studio Solution File, Format Version 12.00
# Visual Studio Version 16
VisualStudioVersion = 16.0.30717.126
MinimumVisualStudioVersion = 10.0.40219.1
Project("{FAE04EC0-301F-11D3-BF4B-00C04F79EFBC}") = "DCToken.Android", "dedc.wallet\dedc.wallet.Android\DCToken.Android.csproj", "{31673FD7-B21B-4198-BB54-912E86B2282E}"
EndProject
Project("{FAE04EC0-301F-11D3-BF4B-00C04F79EFBC}") = "DCToken.iOS", "dedc.wallet\dedc.wallet.iOS\DCToken.iOS.csproj", "{A6731D95-7885-4032-A9C7-1A1F348BE495}"
EndProject
Project("{9A19103F-16F7-4668-BE54-9A1E7A4F7556}") = "DCToken", "dedc.wallet\dedc.wallet\DCToken.csproj", "{F471EA6F-5E1D-4CFD-A4D5-DD089A814757}"
EndProject
Global
	GlobalSection(SolutionConfigurationPlatforms) = preSolution
		Debug|Any CPU = Debug|Any CPU
		Debug|iPhone = Debug|iPhone
		Debug|iPhoneSimulator = Debug|iPhoneSimulator
		Release|Any CPU = Release|Any CPU
		Release|iPhone = Release|iPhone
		Release|iPhoneSimulator = Release|iPhoneSimulator
	EndGlobalSection
	GlobalSection(ProjectConfigurationPlatforms) = postSolution
		{31673FD7-B21B-4198-BB54-912E86B2282E}.Debug|Any CPU.ActiveCfg = Debug|Any CPU
		{31673FD7-B21B-4198-BB54-912E86B2282E}.Debug|Any CPU.Build.0 = Debug|Any CPU
		{31673FD7-B21B-4198-BB54-912E86B2282E}.Debug|Any CPU.Deploy.0 = Debug|Any CPU
		{31673FD7-B21B-4198-BB54-912E86B2282E}.Debug|iPhone.ActiveCfg = Debug|Any CPU
		{31673FD7-B21B-4198-BB54-912E86B2282E}.Debug|iPhone.Build.0 = Debug|Any CPU
		{31673FD7-B21B-4198-BB54-912E86B2282E}.Debug|iPhone.Deploy.0 = Debug|Any CPU
		{31673FD7-B21B-4198-BB54-912E86B2282E}.Debug|iPhoneSimulator.ActiveCfg = Debug|Any CPU
		{31673FD7-B21B-4198-BB54-912E86B2282E}.Debug|iPhoneSimulator.Build.0 = Debug|Any CPU
		{31673FD7-B21B-4198-BB54-912E86B2282E}.Debug|iPhoneSimulator.Deploy.0 = Debug|Any CPU
		{31673FD7-B21B-4198-BB54-912E86B2282E}.Release|Any CPU.ActiveCfg = Release|Any CPU
		{31673FD7-B21B-4198-BB54-912E86B2282E}.Release|Any CPU.Build.0 = Release|Any CPU
		{31673FD7-B21B-4198-BB54-912E86B2282E}.Release|Any CPU.Deploy.0 = Release|Any CPU
		{31673FD7-B21B-4198-BB54-912E86B2282E}.Release|iPhone.ActiveCfg = Release|Any CPU
		{31673FD7-B21B-4198-BB54-912E86B2282E}.Release|iPhone.Build.0 = Release|Any CPU
		{31673FD7-B21B-4198-BB54-912E86B2282E}.Release|iPhone.Deploy.0 = Release|Any CPU
		{31673FD7-B21B-4198-BB54-912E86B2282E}.Release|iPhoneSimulator.ActiveCfg = Release|Any CPU
		{31673FD7-B21B-4198-BB54-912E86B2282E}.Release|iPhoneSimulator.Build.0 = Release|Any CPU
		{31673FD7-B21B-4198-BB54-912E86B2282E}.Release|iPhoneSimulator.Deploy.0 = Release|Any CPU
		{A6731D95-7885-4032-A9C7-1A1F348BE495}.Debug|Any CPU.ActiveCfg = Debug|iPhone
		{A6731D95-7885-4032-A9C7-1A1F348BE495}.Debug|Any CPU.Build.0 = Debug|iPhone
		{A6731D95-7885-4032-A9C7-1A1F348BE495}.Debug|Any CPU.Deploy.0 = Debug|iPhone
		{A6731D95-7885-4032-A9C7-1A1F348BE495}.Debug|iPhone.ActiveCfg = Debug|iPhone
		{A6731D95-7885-4032-A9C7-1A1F348BE495}.Debug|iPhone.Build.0 = Debug|iPhone
		{A6731D95-7885-4032-A9C7-1A1F348BE495}.Debug|iPhone.Deploy.0 = Debug|iPhone
		{A6731D95-7885-4032-A9C7-1A1F348BE495}.Debug|iPhoneSimulator.ActiveCfg = Debug|iPhoneSimulator
		{A6731D95-7885-4032-A9C7-1A1F348BE495}.Debug|iPhoneSimulator.Build.0 = Debug|iPhoneSimulator
		{A6731D95-7885-4032-A9C7-1A1F348BE495}.Debug|iPhoneSimulator.Deploy.0 = Debug|iPhoneSimulator
		{A6731D95-7885-4032-A9C7-1A1F348BE495}.Release|Any CPU.ActiveCfg = Release|iPhoneSimulator
		{A6731D95-7885-4032-A9C7-1A1F348BE495}.Release|Any CPU.Build.0 = Release|iPhoneSimulator
		{A6731D95-7885-4032-A9C7-1A1F348BE495}.Release|Any CPU.Deploy.0 = Release|iPhoneSimulator
		{A6731D95-7885-4032-A9C7-1A1F348BE495}.Release|iPhone.ActiveCfg = Release|iPhone
		{A6731D95-7885-4032-A9C7-1A1F348BE495}.Release|iPhone.Build.0 = Release|iPhone
		{A6731D95-7885-4032-A9C7-1A1F348BE495}.Release|iPhone.Deploy.0 = Release|iPhone
		{A6731D95-7885-4032-A9C7-1A1F348BE495}.Release|iPhoneSimulator.ActiveCfg = Release|iPhoneSimulator
		{A6731D95-7885-4032-A9C7-1A1F348BE495}.Release|iPhoneSimulator.Build.0 = Release|iPhoneSimulator
		{A6731D95-7885-4032-A9C7-1A1F348BE495}.Release|iPhoneSimulator.Deploy.0 = Release|iPhoneSimulator
		{F471EA6F-5E1D-4CFD-A4D5-DD089A814757}.Debug|Any CPU.ActiveCfg = Debug|Any CPU
		{F471EA6F-5E1D-4CFD-A4D5-DD089A814757}.Debug|Any CPU.Build.0 = Debug|Any CPU
		{F471EA6F-5E1D-4CFD-A4D5-DD089A814757}.Debug|Any CPU.Deploy.0 = Debug|Any CPU
		{F471EA6F-5E1D-4CFD-A4D5-DD089A814757}.Debug|iPhone.ActiveCfg = Debug|Any CPU
		{F471EA6F-5E1D-4CFD-A4D5-DD089A814757}.Debug|iPhone.Build.0 = Debug|Any CPU
		{F471EA6F-5E1D-4CFD-A4D5-DD089A814757}.Debug|iPhone.Deploy.0 = Debug|Any CPU
		{F471EA6F-5E1D-4CFD-A4D5-DD089A814757}.Debug|iPhoneSimulator.ActiveCfg = Debug|Any CPU
		{F471EA6F-5E1D-4CFD-A4D5-DD089A814757}.Debug|iPhoneSimulator.Build.0 = Debug|Any CPU
		{F471EA6F-5E1D-4CFD-A4D5-DD089A814757}.Debug|iPhoneSimulator.Deploy.0 = Debug|Any CPU
		{F471EA6F-5E1D-4CFD-A4D5-DD089A814757}.Release|Any CPU.ActiveCfg = Release|Any CPU
		{F471EA6F-5E1D-4CFD-A4D5-DD089A814757}.Release|Any CPU.Build.0 = Release|Any CPU
		{F471EA6F-5E1D-4CFD-A4D5-DD089A814757}.Release|Any CPU.Deploy.0 = Release|Any CPU
		{F471EA6F-5E1D-4CFD-A4D5-DD089A814757}.Release|iPhone.ActiveCfg = Release|Any CPU
		{F471EA6F-5E1D-4CFD-A4D5-DD089A814757}.Release|iPhone.Build.0 = Release|Any CPU
		{F471EA6F-5E1D-4CFD-A4D5-DD089A814757}.Release|iPhone.Deploy.0 = Release|Any CPU
		{F471EA6F-5E1D-4CFD-A4D5-DD089A814757}.Release|iPhoneSimulator.ActiveCfg = Release|Any CPU
		{F471EA6F-5E1D-4CFD-A4D5-DD089A814757}.Release|iPhoneSimulator.Build.0 = Release|Any CPU
		{F471EA6F-5E1D-4CFD-A4D5-DD089A814757}.Release|iPhoneSimulator.Deploy.0 = Release|Any CPU
	EndGlobalSection
	GlobalSection(SolutionProperties) = preSolution
		HideSolutionNode = FALSE
	EndGlobalSection
	GlobalSection(ExtensibilityGlobals) = postSolution
		SolutionGuid = {A13AAB58-07A4-452A-83EC-A3891E7E506B}
	EndGlobalSection
EndGlobal
